
Microsoft Visual Studio Solution File, Format Version 12.00
# Visual Studio Version 17
VisualStudioVersion = 17.7.34024.191
MinimumVisualStudioVersion = 10.0.40219.1
Project("{FAE04EC0-301F-11D3-BF4B-00C04F79EFBC}") = "Job-Candidate-Hub-API", "Job-Candidate-Hub-API\Job-Candidate-Hub-API.csproj", "{5F8A7C69-FE29-4EA0-B681-A0621C2533CF}"
EndProject
Global
	GlobalSection(SolutionConfigurationPlatforms) = preSolution
		Debug|Any CPU = Debug|Any CPU
		Release|Any CPU = Release|Any CPU
	EndGlobalSection
	GlobalSection(ProjectConfigurationPlatforms) = postSolution
		{5F8A7C69-FE29-4EA0-B681-A0621C2533CF}.Debug|Any CPU.ActiveCfg = Debug|Any CPU
		{5F8A7C69-FE29-4EA0-B681-A0621C2533CF}.Debug|Any CPU.Build.0 = Debug|Any CPU
		{5F8A7C69-FE29-4EA0-B681-A0621C2533CF}.Release|Any CPU.ActiveCfg = Release|Any CPU
		{5F8A7C69-FE29-4EA0-B681-A0621C2533CF}.Release|Any CPU.Build.0 = Release|Any CPU
	EndGlobalSection
	GlobalSection(SolutionProperties) = preSolution
		HideSolutionNode = FALSE
	EndGlobalSection
	GlobalSection(ExtensibilityGlobals) = postSolution
		SolutionGuid = {8F6EA087-EB07-46E3-9A15-DF222BFEFDDB}
	EndGlobalSection
EndGlobal
